
Microsoft Visual Studio Solution File, Format Version 12.00
# Visual Studio Version 17
VisualStudioVersion = 17.13.35828.75
MinimumVisualStudioVersion = 10.0.40219.1
Project("{FAE04EC0-301F-11D3-BF4B-00C04F79EFBC}") = "RazorPage", "RazorPage.csproj", "{61D4DAAD-0E30-43B6-83D5-ED5AF854CE62}"
EndProject
Global
	GlobalSection(SolutionConfigurationPlatforms) = preSolution
		Debug|Any CPU = Debug|Any CPU
		Release|Any CPU = Release|Any CPU
	EndGlobalSection
	GlobalSection(ProjectConfigurationPlatforms) = postSolution
		{61D4DAAD-0E30-43B6-83D5-ED5AF854CE62}.Debug|Any CPU.ActiveCfg = Debug|Any CPU
		{61D4DAAD-0E30-43B6-83D5-ED5AF854CE62}.Debug|Any CPU.Build.0 = Debug|Any CPU
		{61D4DAAD-0E30-43B6-83D5-ED5AF854CE62}.Release|Any CPU.ActiveCfg = Release|Any CPU
		{61D4DAAD-0E30-43B6-83D5-ED5AF854CE62}.Release|Any CPU.Build.0 = Release|Any CPU
	EndGlobalSection
	GlobalSection(SolutionProperties) = preSolution
		HideSolutionNode = FALSE
	EndGlobalSection
	GlobalSection(ExtensibilityGlobals) = postSolution
		SolutionGuid = {0D5BDDFB-1486-4E51-83D9-7754554CA05B}
	EndGlobalSection
EndGlobal
